
Microsoft Visual Studio Solution File, Format Version 12.00
# Visual Studio 2013
VisualStudioVersion = 12.0.31101.0
MinimumVisualStudioVersion = 10.0.40219.1
Project("{FAE04EC0-301F-11D3-BF4B-00C04F79EFBC}") = "NoBarriersWebApp", "NoBarriersWebApp\NoBarriersWebApp.csproj", "{A564EF2A-1709-4766-B3E2-6ADB92C8008D}"
EndProject
Project("{FAE04EC0-301F-11D3-BF4B-00C04F79EFBC}") = "NoBarriersWebApp.Tests", "NoBarriersWebApp.Tests\NoBarriersWebApp.Tests.csproj", "{83D84392-48E7-470A-8F1A-A4E28746D834}"
EndProject
Project("{2150E333-8FDC-42A3-9474-1A3956D46DE8}") = "PublishScripts", "PublishScripts", "{1CCCA6AE-3C02-408B-80F7-93901830F2BA}"
	ProjectSection(SolutionItems) = preProject
		PublishScripts\AzureWebsitePublishModule.psm1 = PublishScripts\AzureWebsitePublishModule.psm1
		PublishScripts\Publish-WebApplicationWebsite.ps1 = PublishScripts\Publish-WebApplicationWebsite.ps1
	EndProjectSection
EndProject
Project("{2150E333-8FDC-42A3-9474-1A3956D46DE8}") = "Configurations", "Configurations", "{2AF88FA7-97A0-4532-B9F2-65F5C4CCC9F5}"
	ProjectSection(SolutionItems) = preProject
		PublishScripts\Configurations\NoBarriersWebApp-WAWS-dev.json = PublishScripts\Configurations\NoBarriersWebApp-WAWS-dev.json
	EndProjectSection
EndProject
Project("{00D1A9C2-B5F0-4AF3-8072-F6C62B433612}") = "NoBarriersDatabase", "NoBarriersDatabase\NoBarriersDatabase.sqlproj", "{D64AAF19-22A0-48FC-8E51-93A87C7BA712}"
EndProject
Global
	GlobalSection(TeamFoundationVersionControl) = preSolution
		SccNumberOfProjects = 4
		SccEnterpriseProvider = {4CA58AB2-18FA-4F8D-95D4-32DDF27D184C}
		SccTeamFoundationServer = http://bkraider-ub:8080/tfs/defaultcollection
		SccLocalPath0 = .
		SccProjectUniqueName1 = NoBarriersWebApp\\NoBarriersWebApp.csproj
		SccProjectName1 = NoBarriersWebApp
		SccLocalPath1 = NoBarriersWebApp
		SccProjectUniqueName2 = NoBarriersWebApp.Tests\\NoBarriersWebApp.Tests.csproj
		SccProjectName2 = NoBarriersWebApp.Tests
		SccLocalPath2 = NoBarriersWebApp.Tests
		SccProjectUniqueName3 = NoBarriersDatabase\\NoBarriersDatabase.sqlproj
		SccProjectName3 = NoBarriersDatabase
		SccLocalPath3 = NoBarriersDatabase
	EndGlobalSection
	GlobalSection(SolutionConfigurationPlatforms) = preSolution
		Debug|Any CPU = Debug|Any CPU
		Release|Any CPU = Release|Any CPU
	EndGlobalSection
	GlobalSection(ProjectConfigurationPlatforms) = postSolution
		{A564EF2A-1709-4766-B3E2-6ADB92C8008D}.Debug|Any CPU.ActiveCfg = Debug|Any CPU
		{A564EF2A-1709-4766-B3E2-6ADB92C8008D}.Debug|Any CPU.Build.0 = Debug|Any CPU
		{A564EF2A-1709-4766-B3E2-6ADB92C8008D}.Release|Any CPU.ActiveCfg = Release|Any CPU
		{A564EF2A-1709-4766-B3E2-6ADB92C8008D}.Release|Any CPU.Build.0 = Release|Any CPU
		{83D84392-48E7-470A-8F1A-A4E28746D834}.Debug|Any CPU.ActiveCfg = Debug|Any CPU
		{83D84392-48E7-470A-8F1A-A4E28746D834}.Debug|Any CPU.Build.0 = Debug|Any CPU
		{83D84392-48E7-470A-8F1A-A4E28746D834}.Release|Any CPU.ActiveCfg = Release|Any CPU
		{83D84392-48E7-470A-8F1A-A4E28746D834}.Release|Any CPU.Build.0 = Release|Any CPU
		{D64AAF19-22A0-48FC-8E51-93A87C7BA712}.Debug|Any CPU.ActiveCfg = Debug|Any CPU
		{D64AAF19-22A0-48FC-8E51-93A87C7BA712}.Debug|Any CPU.Build.0 = Debug|Any CPU
		{D64AAF19-22A0-48FC-8E51-93A87C7BA712}.Debug|Any CPU.Deploy.0 = Debug|Any CPU
		{D64AAF19-22A0-48FC-8E51-93A87C7BA712}.Release|Any CPU.ActiveCfg = Release|Any CPU
		{D64AAF19-22A0-48FC-8E51-93A87C7BA712}.Release|Any CPU.Build.0 = Release|Any CPU
		{D64AAF19-22A0-48FC-8E51-93A87C7BA712}.Release|Any CPU.Deploy.0 = Release|Any CPU
	EndGlobalSection
	GlobalSection(SolutionProperties) = preSolution
		HideSolutionNode = FALSE
	EndGlobalSection
	GlobalSection(NestedProjects) = preSolution
		{2AF88FA7-97A0-4532-B9F2-65F5C4CCC9F5} = {1CCCA6AE-3C02-408B-80F7-93901830F2BA}
	EndGlobalSection
EndGlobal
